{
    "_readme": [
        "This file locks the dependencies of your project to a known state",
        "Read more about it at http://getcomposer.org/doc/01-basic-usage.md#composer-lock-the-lock-file",
        "This file is @generated automatically"
    ],
    "hash": "be1be5bf8d58769ea49fed3a167d7988",
    "packages": [
        {
            "name": "phpexcel/phpexcel",
            "version": "dev-master",
            "source": {
                "type": "git",
                "url": "https://github.com/ddeboer/phpexcel.git",
                "reference": "656336f53bcd0d11abba40db6c9f8553d320434c"
            },
            "dist": {
                "type": "zip",
                "url": "https://api.github.com/repos/ddeboer/phpexcel/zipball/656336f53bcd0d11abba40db6c9f8553d320434c",
                "reference": "656336f53bcd0d11abba40db6c9f8553d320434c",
                "shasum": ""
            },
            "require": {
                "php": ">5.2.0"
            },
            "type": "library",
            "autoload": {
                "psr-0": {
                    "PHPExcel": "Classes"
                }
            },
            "notification-url": "https://packagist.org/downloads/",
            "license": [
                "GNU"
            ],
            "description": "DEPRECATED! Use phpoffice/phpexcel instead.",
            "homepage": "http://phpexcel.codeplex.com",
            "time": "2014-02-06 05:54:09"
        }
    ],
    "packages-dev": [],
    "aliases": [],
    "minimum-stability": "stable",
    "stability-flags": {
        "phpexcel/phpexcel": 20
    },
    "platform": [],
    "platform-dev": []
}
